// !$*UTF8*$!
{
	archiveVersion = 1;
	classes = {
	};
	objectVersion = 46;
	objects = {

/* Begin PBXBuildFile section */
		78BBCBB81E79A5BA00F818DB /* AppDelegate.swift in Sources */ = {isa = PBXBuildFile; fileRef = 78BBCBB71E79A5BA00F818DB /* AppDelegate.swift */; };
		78BBCBBA1E79A5BA00F818DB /* ViewController.swift in Sources */ = {isa = PBXBuildFile; fileRef = 78BBCBB91E79A5BA00F818DB /* ViewController.swift */; };
		78BBCBBD1E79A5BA00F818DB /* Main.storyboard in Resources */ = {isa = PBXBuildFile; fileRef = 78BBCBBB1E79A5BA00F818DB /* Main.storyboard */; };
		78BBCBBF1E79A5BA00F818DB /* Assets.xcassets in Resources */ = {isa = PBXBuildFile; fileRef = 78BBCBBE1E79A5BA00F818DB /* Assets.xcassets */; };
		78BBCBC21E79A5BA00F818DB /* LaunchScreen.storyboard in Resources */ = {isa = PBXBuildFile; fileRef = 78BBCBC01E79A5BA00F818DB /* LaunchScreen.storyboard */; };
		78BBCBCC1E79C90E00F818DB /* StoryNodeViewController.swift in Sources */ = {isa = PBXBuildFile; fileRef = 78BBCBCB1E79C90E00F818DB /* StoryNodeViewController.swift */; };
/* End PBXBuildFile section */

/* Begin PBXFileReference section */
		78BBCBB41E79A5BA00F818DB /* ChooseYourOwnAdventure.app */ = {isa = PBXFileReference; explicitFileType = wrapper.application; includeInIndex = 0; path = ChooseYourOwnAdventure.app; sourceTree = BUILT_PRODUCTS_DIR; };
		78BBCBB71E79A5BA00F818DB /* AppDelegate.swift */ = {isa = PBXFileReference; lastKnownFileType = sourcecode.swift; path = AppDelegate.swift; sourceTree = "<group>"; };
		78BBCBB91E79A5BA00F818DB /* ViewController.swift */ = {isa = PBXFileReference; lastKnownFileType = sourcecode.swift; path = ViewController.swift; sourceTree = "<group>"; };
		78BBCBBC1E79A5BA00F818DB /* Base */ = {isa = PBXFileReference; lastKnownFileType = file.storyboard; name = Base; path = Base.lproj/Main.storyboard; sourceTree = "<group>"; };
		78BBCBBE1E79A5BA00F818DB /* Assets.xcassets */ = {isa = PBXFileReference; lastKnownFileType = folder.assetcatalog; path = Assets.xcassets; sourceTree = "<group>"; };
		78BBCBC11E79A5BA00F818DB /* Base */ = {isa = PBXFileReference; lastKnownFileType = file.storyboard; name = Base; path = Base.lproj/LaunchScreen.storyboard; sourceTree = "<group>"; };
		78BBCBC31E79A5BA00F818DB /* Info.plist */ = {isa = PBXFileReference; lastKnownFileType = text.plist.xml; path = Info.plist; sourceTree = "<group>"; };
		78BBCBCB1E79C90E00F818DB /* StoryNodeViewController.swift */ = {isa = PBXFileReference; fileEncoding = 4; lastKnownFileType = sourcecode.swift; path = StoryNodeViewController.swift; sourceTree = "<group>"; };
/* End PBXFileReference section */

/* Begin PBXFrameworksBuildPhase section */
		78BBCBB11E79A5BA00F818DB /* Frameworks */ = {
			isa = PBXFrameworksBuildPhase;
			buildActionMask = 2147483647;
			files = (
			);
			runOnlyForDeploymentPostprocessing = 0;
		};
/* End PBXFrameworksBuildPhase section */

/* Begin PBXGroup section */
		78BBCBAB1E79A5BA00F818DB = {
			isa = PBXGroup;
			children = (
				78BBCBB61E79A5BA00F818DB /* ChooseYourOwnAdventure */,
				78BBCBB51E79A5BA00F818DB /* Products */,
			);
			sourceTree = "<group>";
		};
		78BBCBB51E79A5BA00F818DB /* Products */ = {
			isa = PBXGroup;
			children = (
				78BBCBB41E79A5BA00F818DB /* ChooseYourOwnAdventure.app */,
			);
			name = Products;
			sourceTree = "<group>";
		};
		78BBCBB61E79A5BA00F818DB /* ChooseYourOwnAdventure */ = {
			isa = PBXGroup;
			children = (
				78BBCBB71E79A5BA00F818DB /* AppDelegate.swift */,
				78BBCBB91E79A5BA00F818DB /* ViewController.swift */,
				78BBCBBB1E79A5BA00F818DB /* Main.storyboard */,
				78BBCBCB1E79C90E00F818DB /* StoryNodeViewController.swift */,
				78BBCBBE1E79A5BA00F818DB /* Assets.xcassets */,
				78BBCBC01E79A5BA00F818DB /* LaunchScreen.storyboard */,
				78BBCBC31E79A5BA00F818DB /* Info.plist */,
			);
			path = ChooseYourOwnAdventure;
			sourceTree = "<group>";
		};
/* End PBXGroup section */

/* Begin PBXNativeTarget section */
		78BBCBB31E79A5BA00F818DB /* ChooseYourOwnAdventure */ = {
			isa = PBXNativeTarget;
			buildConfigurationList = 78BBCBC61E79A5BA00F818DB /* Build configuration list for PBXNativeTarget "ChooseYourOwnAdventure" */;
			buildPhases = (
				78BBCBB01E79A5BA00F818DB /* Sources */,
				78BBCBB11E79A5BA00F818DB /* Frameworks */,
				78BBCBB21E79A5BA00F818DB /* Resources */,
			);
			buildRules = (
			);
			dependencies = (
			);
			name = ChooseYourOwnAdventure;
			productName = ChooseYourOwnAdventure;
			productReference = 78BBCBB41E79A5BA00F818DB /* ChooseYourOwnAdventure.app */;
			productType = "com.apple.product-type.application";
		};
/* End PBXNativeTarget section */

/* Begin PBXProject section */
		78BBCBAC1E79A5BA00F818DB /* Project object */ = {
			isa = PBXProject;
			attributes = {
				LastSwiftUpdateCheck = 0820;
				LastUpgradeCheck = 0820;
				ORGANIZATIONNAME = "John Jeffrey Chung";
				TargetAttributes = {
					78BBCBB31E79A5BA00F818DB = {
						CreatedOnToolsVersion = 8.2.1;
						ProvisioningStyle = Automatic;
					};
				};
			};
			buildConfigurationList = 78BBCBAF1E79A5BA00F818DB /* Build configuration list for PBXProject "ChooseYourOwnAdventure" */;
			compatibilityVersion = "Xcode 3.2";
			developmentRegion = English;
			hasScannedForEncodings = 0;
			knownRegions = (
				en,
				Base,
			);
			mainGroup = 78BBCBAB1E79A5BA00F818DB;
			productRefGroup = 78BBCBB51E79A5BA00F818DB /* Products */;
			projectDirPath = "";
			projectRoot = "";
			targets = (
				78BBCBB31E79A5BA00F818DB /* ChooseYourOwnAdventure */,
			);
		};
/* End PBXProject section */

/* Begin PBXResourcesBuildPhase section */
		78BBCBB21E79A5BA00F818DB /* Resources */ = {
			isa = PBXResourcesBuildPhase;
			buildActionMask = 2147483647;
			files = (
				78BBCBC21E79A5BA00F818DB /* LaunchScreen.storyboard in Resources */,
				78BBCBBF1E79A5BA00F818DB /* Assets.xcassets in Resources */,
				78BBCBBD1E79A5BA00F818DB /* Main.storyboard in Resources */,
			);
			runOnlyForDeploymentPostprocessing = 0;
		};
/* End PBXResourcesBuildPhase section */

/* Begin PBXSourcesBuildPhase section */
		78BBCBB01E79A5BA00F818DB /* Sources */ = {
			isa = PBXSourcesBuildPhase;
			buildActionMask = 2147483647;
			files = (
				78BBCBBA1E79A5BA00F818DB /* ViewController.swift in Sources */,
				78BBCBCC1E79C90E00F818DB /* StoryNodeViewController.swift in Sources */,
				78BBCBB81E79A5BA00F818DB /* AppDelegate.swift in Sources */,
			);
			runOnlyForDeploymentPostprocessing = 0;
		};
/* End PBXSourcesBuildPhase section */

/* Begin PBXVariantGroup section */
		78BBCBBB1E79A5BA00F818DB /* Main.storyboard */ = {
			isa = PBXVariantGroup;
			children = (
				78BBCBBC1E79A5BA00F818DB /* Base */,
			);
			name = Main.storyboard;
			sourceTree = "<group>";
		};
		78BBCBC01E79A5BA00F818DB /* LaunchScreen.storyboard */ = {
			isa = PBXVariantGroup;
			children = (
				78BBCBC11E79A5BA00F818DB /* Base */,
			);
			name = LaunchScreen.storyboard;
			sourceTree = "<group>";
		};
/* End PBXVariantGroup section */

/* Begin XCBuildConfiguration section */
		78BBCBC41E79A5BA00F818DB /* Debug */ = {
			isa = XCBuildConfiguration;
			buildSettings = {
				ALWAYS_SEARCH_USER_PATHS = NO;
				CLANG_ANALYZER_NONNULL = YES;
				CLANG_CXX_LANGUAGE_STANDARD = "gnu++0x";
				CLANG_CXX_LIBRARY = "libc++";
				CLANG_ENABLE_MODULES = YES;
				CLANG_ENABLE_OBJC_ARC = YES;
				CLANG_WARN_BOOL_CONVERSION = YES;
				CLANG_WARN_CONSTANT_CONVERSION = YES;
				CLANG_WARN_DIRECT_OBJC_ISA_USAGE = YES_ERROR;
				CLANG_WARN_DOCUMENTATION_COMMENTS = YES;
				CLANG_WARN_EMPTY_BODY = YES;
				CLANG_WARN_ENUM_CONVERSION = YES;
				CLANG_WARN_INFINITE_RECURSION = YES;
				CLANG_WARN_INT_CONVERSION = YES;
				CLANG_WARN_OBJC_ROOT_CLASS = YES_ERROR;
				CLANG_WARN_SUSPICIOUS_MOVE = YES;
				CLANG_WARN_UNREACHABLE_CODE = YES;
				CLANG_WARN__DUPLICATE_METHOD_MATCH = YES;
				"CODE_SIGN_IDENTITY[sdk=iphoneos*]" = "iPhone Developer";
				COPY_PHASE_STRIP = NO;
				DEBUG_INFORMATION_FORMAT = dwarf;
				ENABLE_STRICT_OBJC_MSGSEND = YES;
				ENABLE_TESTABILITY = YES;
				GCC_C_LANGUAGE_STANDARD = gnu99;
				GCC_DYNAMIC_NO_PIC = NO;
				GCC_NO_COMMON_BLOCKS = YES;
				GCC_OPTIMIZATION_LEVEL = 0;
				GCC_PREPROCESSOR_DEFINITIONS = (
					"DEBUG=1",
					"$(inherited)",
				);
				GCC_WARN_64_TO_32_BIT_CONVERSION = YES;
				GCC_WARN_ABOUT_RETURN_TYPE = YES_ERROR;
				GCC_WARN_UNDECLARED_SELECTOR = YES;
				GCC_WARN_UNINITIALIZED_AUTOS = YES_AGGRESSIVE;
				GCC_WARN_UNUSED_FUNCTION = YES;
				GCC_WARN_UNUSED_VARIABLE = YES;
				IPHONEOS_DEPLOYMENT_TARGET = 10.2;
				MTL_ENABLE_DEBUG_INFO = YES;
				ONLY_ACTIVE_ARCH = YES;
				SDKROOT = iphoneos;
				SWIFT_ACTIVE_COMPILATION_CONDITIONS = DEBUG;
				SWIFT_OPTIMIZATION_LEVEL = "-Onone";
				TARGETED_DEVICE_FAMILY = "1,2";
			};
			name = Debug;
		};
		78BBCBC51E79A5BA00F818DB /* Release */ = {
			isa = XCBuildConfiguration;
			buildSettings = {
				ALWAYS_SEARCH_USER_PATHS = NO;
				CLANG_ANALYZER_NONNULL = YES;
				CLANG_CXX_LANGUAGE_STANDARD = "gnu++0x";
				CLANG_CXX_LIBRARY = "libc++";
				CLANG_ENABLE_MODULES = YES;
				CLANG_ENABLE_OBJC_ARC = YES;
				CLANG_WARN_BOOL_CONVERSION = YES;
				CLANG_WARN_CONSTANT_CONVERSION = YES;
				CLANG_WARN_DIRECT_OBJC_ISA_USAGE = YES_ERROR;
				CLANG_WARN_DOCUMENTATION_COMMENTS = YES;
				CLANG_WARN_EMPTY_BODY = YES;
				CLANG_WARN_ENUM_CONVERSION = YES;
				CLANG_WARN_INFINITE_RECURSION = YES;
				CLANG_WARN_INT_CONVERSION = YES;
				CLANG_WARN_OBJC_ROOT_CLASS = YES_ERROR;
				CLANG_WARN_SUSPICIOUS_MOVE = YES;
				CLANG_WARN_UNREACHABLE_CODE = YES;
				CLANG_WARN__DUPLICATE_METHOD_MATCH = YES;
				"CODE_SIGN_IDENTITY[sdk=iphoneos*]" = "iPhone Developer";
				COPY_PHASE_STRIP = NO;
				DEBUG_INFORMATION_FORMAT = "dwarf-with-dsym";
				ENABLE_NS_ASSERTIONS = NO;
				ENABLE_STRICT_OBJC_MSGSEND = YES;
				GCC_C_LANGUAGE_STANDARD = gnu99;
				GCC_NO_COMMON_BLOCKS = YES;
				GCC_WARN_64_TO_32_BIT_CONVERSION = YES;
				GCC_WARN_ABOUT_RETURN_TYPE = YES_ERROR;
				GCC_WARN_UNDECLARED_SELECTOR = YES;
				GCC_WARN_UNINITIALIZED_AUTOS = YES_AGGRESSIVE;
				GCC_WARN_UNUSED_FUNCTION = YES;
				GCC_WARN_UNUSED_VARIABLE = YES;
				IPHONEOS_DEPLOYMENT_TARGET = 10.2;
				MTL_ENABLE_DEBUG_INFO = NO;
				SDKROOT = iphoneos;
				SWIFT_OPTIMIZATION_LEVEL = "-Owholemodule";
				TARGETED_DEVICE_FAMILY = "1,2";
				VALIDATE_PRODUCT = YES;
			};
			name = Release;
		};
		78BBCBC71E79A5BA00F818DB /* Debug */ = {
			isa = XCBuildConfiguration;
			buildSettings = {
				ASSETCATALOG_COMPILER_APPICON_NAME = AppIcon;
				INFOPLIST_FILE = ChooseYourOwnAdventure/Info.plist;
				LD_RUNPATH_SEARCH_PATHS = "$(inherited) @executable_path/Frameworks";
				PRODUCT_BUNDLE_IDENTIFIER = CCSF.ChooseYourOwnAdventure;
				PRODUCT_NAME = "$(TARGET_NAME)";
				SWIFT_VERSION = 3.0;
			};
			name = Debug;
		};
		78BBCBC81E79A5BA00F818DB /* Release */ = {
			isa = XCBuildConfiguration;
			buildSettings = {
				ASSETCATALOG_COMPILER_APPICON_NAME = AppIcon;
				INFOPLIST_FILE = ChooseYourOwnAdventure/Info.plist;
				LD_RUNPATH_SEARCH_PATHS = "$(inherited) @executable_path/Frameworks";
				PRODUCT_BUNDLE_IDENTIFIER = CCSF.ChooseYourOwnAdventure;
				PRODUCT_NAME = "$(TARGET_NAME)";
				SWIFT_VERSION = 3.0;
			};
			name = Release;
		};
/* End XCBuildConfiguration section */

/* Begin XCConfigurationList section */
		78BBCBAF1E79A5BA00F818DB /* Build configuration list for PBXProject "ChooseYourOwnAdventure" */ = {
			isa = XCConfigurationList;
			buildConfigurations = (
				78BBCBC41E79A5BA00F818DB /* Debug */,
				78BBCBC51E79A5BA00F818DB /* Release */,
			);
			defaultConfigurationIsVisible = 0;
			defaultConfigurationName = Release;
		};
		78BBCBC61E79A5BA00F818DB /* Build configuration list for PBXNativeTarget "ChooseYourOwnAdventure" */ = {
			isa = XCConfigurationList;
			buildConfigurations = (
				78BBCBC71E79A5BA00F818DB /* Debug */,
				78BBCBC81E79A5BA00F818DB /* Release */,
			);
			defaultConfigurationIsVisible = 0;
		};
/* End XCConfigurationList section */
	};
	rootObject = 78BBCBAC1E79A5BA00F818DB /* Project object */;
}
